{
  "name": "myproject",
  "version": "1.0.0",
  "lockfileVersion": 3,
  "requires": true,
  "packages": {
    "": {
      "name": "myproject",
      "version": "1.0.0",
      "license": "ISC",
      "dependencies": {
        "cookieparser": "^0.1.0",
        "moment": "^2.30.1",
        "urlencode": "^2.0.0"
      }
    },
    "node_modules/cookieparser": {
      "version": "0.1.0",
      "resolved": "https://registry.npmjs.org/cookieparser/-/cookieparser-0.1.0.tgz",
      "integrity": "sha512-+eHibHast+i+CEoFMQ7y9e4l/SBdWTHhWH6yidaPCYW2S/PmxRfbT1fAle/5WvbzQ6u092qX8XvfmICNtVestQ==",
      "license": "MIT"
    },
    "node_modules/iconv-lite": {
      "version": "0.6.3",
      "resolved": "https://registry.npmjs.org/iconv-lite/-/iconv-lite-0.6.3.tgz",
      "integrity": "sha512-4fCk79wshMdzMp2rH06qWrJE4iolqLhCUH+OiuIgU++RB0+94NlDL81atO7GX55uUKueo0txHNtvEyI6D7WdMw==",
      "license": "MIT",
      "dependencies": {
        "safer-buffer": ">= 2.1.2 < 3.0.0"
      },
      "engines": {
        "node": ">=0.10.0"
      }
    },
    "node_modules/moment": {
      "version": "2.30.1",
      "resolved": "https://registry.npmjs.org/moment/-/moment-2.30.1.tgz",
      "integrity": "sha512-uEmtNhbDOrWPFS+hdjFCBfy9f2YoyzRpwcl+DqpC6taX21FzsTLQVbMV/W7PzNSX6x/bhC1zA3c2UQ5NzH6how==",
      "license": "MIT",
      "engines": {
        "node": "*"
      }
    },
    "node_modules/safer-buffer": {
      "version": "2.1.2",
      "resolved": "https://registry.npmjs.org/safer-buffer/-/safer-buffer-2.1.2.tgz",
      "integrity": "sha512-YZo3K82SD7Riyi0E1EQPojLz7kpepnSQI9IyPbHHg1XXXevb5dJI7tpyN2ADxGcQbHG7vcyRHk0cbwqcQriUtg==",
      "license": "MIT"
    },
    "node_modules/urlencode": {
      "version": "2.0.0",
      "resolved": "https://registry.npmjs.org/urlencode/-/urlencode-2.0.0.tgz",
      "integrity": "sha512-K4+koEq4II9FqKKdLyMwfVFiWvTLJsdsIihXCprumjlOwpviO44E4hAhLYBLb6CEVTZh9hXXMTQHIT+Hwv5BPw==",
      "license": "MIT",
      "dependencies": {
        "iconv-lite": "~0.6.3"
      }
    }
  }
}
